
Microsoft Visual Studio Solution File, Format Version 12.00
# Visual Studio 15
VisualStudioVersion = 15.0.27703.2047
MinimumVisualStudioVersion = 10.0.40219.1
Project("{FAE04EC0-301F-11D3-BF4B-00C04F79EFBC}") = "PointCodeJam", "PointCodeJam\PointCodeJam.csproj", "{6B85992B-14CB-478C-A402-988C2D07CC4B}"
EndProject
Global
	GlobalSection(SolutionConfigurationPlatforms) = preSolution
		Debug|Any CPU = Debug|Any CPU
		Release|Any CPU = Release|Any CPU
	EndGlobalSection
	GlobalSection(ProjectConfigurationPlatforms) = postSolution
		{6B85992B-14CB-478C-A402-988C2D07CC4B}.Debug|Any CPU.ActiveCfg = Debug|Any CPU
		{6B85992B-14CB-478C-A402-988C2D07CC4B}.Debug|Any CPU.Build.0 = Debug|Any CPU
		{6B85992B-14CB-478C-A402-988C2D07CC4B}.Release|Any CPU.ActiveCfg = Release|Any CPU
		{6B85992B-14CB-478C-A402-988C2D07CC4B}.Release|Any CPU.Build.0 = Release|Any CPU
	EndGlobalSection
	GlobalSection(SolutionProperties) = preSolution
		HideSolutionNode = FALSE
	EndGlobalSection
	GlobalSection(ExtensibilityGlobals) = postSolution
		SolutionGuid = {7A48B04D-6F85-43E7-AD31-A2DB14B24B15}
	EndGlobalSection
EndGlobal
